
Microsoft Visual Studio Solution File, Format Version 12.00
# Visual Studio Version 16
VisualStudioVersion = 16.0.29905.134
MinimumVisualStudioVersion = 10.0.40219.1
Project("{FAE04EC0-301F-11D3-BF4B-00C04F79EFBC}") = "TestAAD.Android", "TestAAD\TestAAD.Android\TestAAD.Android.csproj", "{CC6CDFA7-AE70-4B6D-AF62-F9B4889E2F64}"
EndProject
Project("{FAE04EC0-301F-11D3-BF4B-00C04F79EFBC}") = "TestAAD", "TestAAD\TestAAD\TestAAD.csproj", "{6D74DF8F-D8D3-412F-9B19-D6E37C0D1072}"
EndProject
Global
	GlobalSection(SolutionConfigurationPlatforms) = preSolution
		Debug|Any CPU = Debug|Any CPU
		Release|Any CPU = Release|Any CPU
	EndGlobalSection
	GlobalSection(ProjectConfigurationPlatforms) = postSolution
		{CC6CDFA7-AE70-4B6D-AF62-F9B4889E2F64}.Debug|Any CPU.ActiveCfg = Debug|Any CPU
		{CC6CDFA7-AE70-4B6D-AF62-F9B4889E2F64}.Debug|Any CPU.Build.0 = Debug|Any CPU
		{CC6CDFA7-AE70-4B6D-AF62-F9B4889E2F64}.Debug|Any CPU.Deploy.0 = Debug|Any CPU
		{CC6CDFA7-AE70-4B6D-AF62-F9B4889E2F64}.Release|Any CPU.ActiveCfg = Release|Any CPU
		{CC6CDFA7-AE70-4B6D-AF62-F9B4889E2F64}.Release|Any CPU.Build.0 = Release|Any CPU
		{CC6CDFA7-AE70-4B6D-AF62-F9B4889E2F64}.Release|Any CPU.Deploy.0 = Release|Any CPU
		{6D74DF8F-D8D3-412F-9B19-D6E37C0D1072}.Debug|Any CPU.ActiveCfg = Debug|Any CPU
		{6D74DF8F-D8D3-412F-9B19-D6E37C0D1072}.Debug|Any CPU.Build.0 = Debug|Any CPU
		{6D74DF8F-D8D3-412F-9B19-D6E37C0D1072}.Debug|Any CPU.Deploy.0 = Debug|Any CPU
		{6D74DF8F-D8D3-412F-9B19-D6E37C0D1072}.Release|Any CPU.ActiveCfg = Release|Any CPU
		{6D74DF8F-D8D3-412F-9B19-D6E37C0D1072}.Release|Any CPU.Build.0 = Release|Any CPU
		{6D74DF8F-D8D3-412F-9B19-D6E37C0D1072}.Release|Any CPU.Deploy.0 = Release|Any CPU
	EndGlobalSection
	GlobalSection(SolutionProperties) = preSolution
		HideSolutionNode = FALSE
	EndGlobalSection
	GlobalSection(ExtensibilityGlobals) = postSolution
		SolutionGuid = {D281A3AD-EFDA-4C8F-872C-FBAC13FF5427}
	EndGlobalSection
EndGlobal
